<?xml version="1.0" encoding="utf-8"?>
<Project ToolsVersion="4.0" xmlns="http://schemas.microsoft.com/developer/msbuild/2003">
  <ItemGroup>
    <Filter Include="Source Files">
      <UniqueIdentifier>{4FC737F1-C7A5-4376-A066-2A32D752A2FF}</UniqueIdentifier>
      <Extensions>cpp;c;cc;cxx;def;odl;idl;hpj;bat;asm;asmx</Extensions>
    </Filter>
    <Filter Include="Header Files">
      <UniqueIdentifier>{93995380-89BD-4b04-88EB-625FBE52EBFB}</UniqueIdentifier>
      <Extensions>h;hh;hpp;hxx;hm;inl;inc;xsd</Extensions>
    </Filter>
    <Filter Include="Resource Files">
      <UniqueIdentifier>{67DA6AB6-F800-4c08-8B7A-83BB121AAD01}</UniqueIdentifier>
      <Extensions>rc;ico;cur;bmp;dlg;rc2;rct;bin;rgs;gif;jpg;jpeg;jpe;resx;tiff;tif;png;wav;mfcribbon-ms</Extensions>
    </Filter>
    <Filter Include="GL_Includes">
      <UniqueIdentifier>{72cf3f1d-84c4-4275-8041-6f69b95d15c8}</UniqueIdentifier>
    </Filter>
    <Filter Include="Dear Imgui">
      <UniqueIdentifier>{27e0e285-9988-4fa2-b534-a8491f919623}</UniqueIdentifier>
    </Filter>
    <Filter Include="Header Files\InSight">
      <UniqueIdentifier>{6b8cadb8-5a2d-406e-9e51-ac7671a2598e}</UniqueIdentifier>
    </Filter>
    <Filter Include="Header Files\InSight\Assimp">
      <UniqueIdentifier>{b1e4a6b4-b00c-43b0-ade5-9b7d703db6df}</UniqueIdentifier>
    </Filter>
    <Filter Include="Header Files\InSight\Audio">
      <UniqueIdentifier>{9e7a042c-22be-4447-8ced-7908b9877483}</UniqueIdentifier>
    </Filter>
    <Filter Include="Header Files\InSight\Component">
      <UniqueIdentifier>{8eb90712-ec07-4d0b-aa88-4c435e8b7b7c}</UniqueIdentifier>
    </Filter>
    <Filter Include="Header Files\InSight\Entity">
      <UniqueIdentifier>{ca1c6ce0-b1b5-45ff-bd01-ec47ad56a424}</UniqueIdentifier>
    </Filter>
    <Filter Include="Header Files\InSight\Event">
      <UniqueIdentifier>{daca65d8-de28-436d-be07-8d42ee7726cc}</UniqueIdentifier>
    </Filter>
    <Filter Include="Header Files\InSight\GUI">
      <UniqueIdentifier>{cbde2a3b-19df-45c4-b0fb-40a36e22f904}</UniqueIdentifier>
    </Filter>
    <Filter Include="Header Files\InSight\Layer">
      <UniqueIdentifier>{eeef5e51-1ec8-4464-9b8c-889683ae3fed}</UniqueIdentifier>
    </Filter>
    <Filter Include="Header Files\InSight\PP">
      <UniqueIdentifier>{9ab92b91-d816-4cfc-a33b-353d79f864e2}</UniqueIdentifier>
    </Filter>
    <Filter Include="Header Files\InSight\Shader">
      <UniqueIdentifier>{52493779-a8db-4e6e-8b34-931df5f4c200}</UniqueIdentifier>
    </Filter>
    <Filter Include="Header Files\Platform">
      <UniqueIdentifier>{77e7b5ea-a096-4bb3-b687-bacaa63b7cbc}</UniqueIdentifier>
    </Filter>
    <Filter Include="Source Files\InSight">
      <UniqueIdentifier>{9767cad2-acfb-4554-83fa-f632a942cc22}</UniqueIdentifier>
    </Filter>
    <Filter Include="Source Files\InSight\Assimp">
      <UniqueIdentifier>{de1741a8-45d6-47f5-957a-3b04813a2acd}</UniqueIdentifier>
    </Filter>
    <Filter Include="Source Files\InSight\Audio">
      <UniqueIdentifier>{f5b6ff10-e8e9-4f79-8bc9-ab0142d10fa0}</UniqueIdentifier>
    </Filter>
    <Filter Include="Source Files\InSight\Component">
      <UniqueIdentifier>{ac4dc273-94f9-45ca-899f-b02e19c0bdbe}</UniqueIdentifier>
    </Filter>
    <Filter Include="Source Files\InSight\Entity">
      <UniqueIdentifier>{010ff429-6c69-48a8-a233-328b990842c5}</UniqueIdentifier>
    </Filter>
    <Filter Include="Source Files\InSight\GUI">
      <UniqueIdentifier>{56e2e580-2e3a-4887-a105-42bbd0e42ad7}</UniqueIdentifier>
    </Filter>
    <Filter Include="Source Files\InSight\PP">
      <UniqueIdentifier>{cb786659-c44f-40be-a4b7-b32d7aef9249}</UniqueIdentifier>
    </Filter>
    <Filter Include="Source Files\InSight\Shader">
      <UniqueIdentifier>{7ff14ad3-e84a-486d-8906-d29e8a9310a8}</UniqueIdentifier>
    </Filter>
    <Filter Include="Source Files\Platform">
      <UniqueIdentifier>{dc44153d-a611-4459-8471-c853579e7957}</UniqueIdentifier>
    </Filter>
    <Filter Include="Header Files\Platform\Windows">
      <UniqueIdentifier>{5263d6a5-f67f-4a66-8643-c906eb45d577}</UniqueIdentifier>
    </Filter>
    <Filter Include="Source Files\Platform\Windows">
      <UniqueIdentifier>{19c59ae1-2382-4e12-90fc-5295aadc0a85}</UniqueIdentifier>
    </Filter>
    <Filter Include="Source Files\InSight\Layer">
      <UniqueIdentifier>{a276d2d8-a370-42b9-938c-9aff545127aa}</UniqueIdentifier>
    </Filter>
    <Filter Include="Source Files\InSight\Layer\ImGui">
      <UniqueIdentifier>{b2332058-5d06-4cd1-b16c-4150d6dd3072}</UniqueIdentifier>
    </Filter>
    <Filter Include="Header Files\InSight\Layer\ImGui">
      <UniqueIdentifier>{0f06c752-efa9-4db9-ac4a-02d0eafa519b}</UniqueIdentifier>
    </Filter>
    <Filter Include="Header Files\Platform\OpenGL">
      <UniqueIdentifier>{6607f939-e89b-4f37-9be5-cfe1287d5e11}</UniqueIdentifier>
    </Filter>
    <Filter Include="Source Files\Platform\OpenGL">
      <UniqueIdentifier>{ab542ef2-0cc7-4eae-b509-41e1d895808c}</UniqueIdentifier>
    </Filter>
    <Filter Include="Header Files\InSight\Input">
      <UniqueIdentifier>{1b4e5115-0b96-4aad-bc95-3edf9888ea0d}</UniqueIdentifier>
    </Filter>
    <Filter Include="Header Files\InSight\Renderer">
      <UniqueIdentifier>{5638eeb1-7be3-481d-a271-91a59eef3c1d}</UniqueIdentifier>
    </Filter>
    <Filter Include="Source Files\InSight\Renderer">
      <UniqueIdentifier>{e42ce2df-f7c8-402c-8d56-b2ce363976f4}</UniqueIdentifier>
    </Filter>
    <Filter Include="Header Files\InSight\Scene">
      <UniqueIdentifier>{5aa8fb50-5d01-4d8d-988a-fbb8ed84cd9d}</UniqueIdentifier>
    </Filter>
    <Filter Include="Source Files\InSight\Scene">
      <UniqueIdentifier>{f9b43ca6-df32-4ba6-a6ef-37be28ae9d15}</UniqueIdentifier>
    </Filter>
    <Filter Include="Source Files\Platform\Vulkan">
      <UniqueIdentifier>{bbd03083-a960-4e38-a366-cef7222b6041}</UniqueIdentifier>
    </Filter>
    <Filter Include="Header Files\Platform\Vulkan">
      <UniqueIdentifier>{22411cf7-f73f-4793-9817-d304ced56bfc}</UniqueIdentifier>
    </Filter>
  </ItemGroup>
  <ItemGroup>
    <ClInclude Include="..\deps\glad\include\glad\glad.h">
      <Filter>GL_Includes</Filter>
    </ClInclude>
    <ClInclude Include="..\deps\imgui\impl\imgui_impl_glfw.h">
      <Filter>Dear Imgui</Filter>
    </ClInclude>
    <ClInclude Include="..\deps\imgui\impl\imgui_impl_opengl3.h">
      <Filter>Dear Imgui</Filter>
    </ClInclude>
    <ClInclude Include="include\InSight\Assimp\AssimpMesh.h">
      <Filter>Header Files\InSight\Assimp</Filter>
    </ClInclude>
    <ClInclude Include="include\InSight\Assimp\AssimpModel.h">
      <Filter>Header Files\InSight\Assimp</Filter>
    </ClInclude>
    <ClInclude Include="include\InSight\Audio\AudioManager.h">
      <Filter>Header Files\InSight\Audio</Filter>
    </ClInclude>
    <ClInclude Include="include\InSight\Component\DirectionalLight.h">
      <Filter>Header Files\InSight\Component</Filter>
    </ClInclude>
    <ClInclude Include="include\InSight\Component\LightComponent.h">
      <Filter>Header Files\InSight\Component</Filter>
    </ClInclude>
    <ClInclude Include="include\InSight\Component\MeshComponent.h">
      <Filter>Header Files\InSight\Component</Filter>
    </ClInclude>
    <ClInclude Include="include\InSight\Component\PointLight.h">
      <Filter>Header Files\InSight\Component</Filter>
    </ClInclude>
    <ClInclude Include="include\InSight\Component\SpotLight.h">
      <Filter>Header Files\InSight\Component</Filter>
    </ClInclude>
    <ClInclude Include="include\InSight\Component\TransformComponent.h">
      <Filter>Header Files\InSight\Component</Filter>
    </ClInclude>
    <ClInclude Include="include\InSight\Component\AmbientLight.h">
      <Filter>Header Files\InSight\Component</Filter>
    </ClInclude>
    <ClInclude Include="include\InSight\Component\CameraComponent.h">
      <Filter>Header Files\InSight\Component</Filter>
    </ClInclude>
    <ClInclude Include="include\InSight\Component\Component.h">
      <Filter>Header Files\InSight\Component</Filter>
    </ClInclude>
    <ClInclude Include="include\InSight\Entity\Entity.h">
      <Filter>Header Files\InSight\Entity</Filter>
    </ClInclude>
    <ClInclude Include="include\InSight\Entity\EntityManager.h">
      <Filter>Header Files\InSight\Entity</Filter>
    </ClInclude>
    <ClInclude Include="include\InSight\Entity\ECS.h">
      <Filter>Header Files\InSight\Entity</Filter>
    </ClInclude>
    <ClInclude Include="include\InSight\Event\Event.h">
      <Filter>Header Files\InSight\Event</Filter>
    </ClInclude>
    <ClInclude Include="include\InSight\Event\KeyEvent.h">
      <Filter>Header Files\InSight\Event</Filter>
    </ClInclude>
    <ClInclude Include="include\InSight\Event\ApplicationEvent.h">
      <Filter>Header Files\InSight\Event</Filter>
    </ClInclude>
    <ClInclude Include="include\InSight\GUI\GUIHierarchy.h">
      <Filter>Header Files\InSight\GUI</Filter>
    </ClInclude>
    <ClInclude Include="include\InSight\GUI\GUIInspector.h">
      <Filter>Header Files\InSight\GUI</Filter>
    </ClInclude>
    <ClInclude Include="include\InSight\GUI\GUI.h">
      <Filter>Header Files\InSight\GUI</Filter>
    </ClInclude>
    <ClInclude Include="include\InSight\GUI\GUIBase.h">
      <Filter>Header Files\InSight\GUI</Filter>
    </ClInclude>
    <ClInclude Include="include\InSight\Layer\Layer.h">
      <Filter>Header Files\InSight\Layer</Filter>
    </ClInclude>
    <ClInclude Include="include\InSight\PP\PPBloom.h">
      <Filter>Header Files\InSight\PP</Filter>
    </ClInclude>
    <ClInclude Include="include\InSight\PP\PPBlur.h">
      <Filter>Header Files\InSight\PP</Filter>
    </ClInclude>
    <ClInclude Include="include\InSight\PP\PPEffect.h">
      <Filter>Header Files\InSight\PP</Filter>
    </ClInclude>
    <ClInclude Include="include\InSight\PP\PPScreenOverlay.h">
      <Filter>Header Files\InSight\PP</Filter>
    </ClInclude>
    <ClInclude Include="include\InSight\PP\PPSSR.h">
      <Filter>Header Files\InSight\PP</Filter>
    </ClInclude>
    <ClInclude Include="include\InSight\PP\PostProcessing.h">
      <Filter>Header Files\InSight\PP</Filter>
    </ClInclude>
    <ClInclude Include="include\InSight\Shader\ShadowMapShader.h">
      <Filter>Header Files\InSight\Shader</Filter>
    </ClInclude>
    <ClInclude Include="include\InSight\Shader\ShadowShader.h">
      <Filter>Header Files\InSight\Shader</Filter>
    </ClInclude>
    <ClInclude Include="include\InSight\Shader\SSAOShader.h">
      <Filter>Header Files\InSight\Shader</Filter>
    </ClInclude>
    <ClInclude Include="include\InSight\Shader\SSRShader.h">
      <Filter>Header Files\InSight\Shader</Filter>
    </ClInclude>
    <ClInclude Include="include\InSight\Shader\TessShader.h">
      <Filter>Header Files\InSight\Shader</Filter>
    </ClInclude>
    <ClInclude Include="include\InSight\Shader\VertexShader.h">
      <Filter>Header Files\InSight\Shader</Filter>
    </ClInclude>
    <ClInclude Include="include\InSight\Shader\WaterShader.h">
      <Filter>Header Files\InSight\Shader</Filter>
    </ClInclude>
    <ClInclude Include="include\InSight\Shader\DeferredLightPassShader.h">
      <Filter>Header Files\InSight\Shader</Filter>
    </ClInclude>
    <ClInclude Include="include\InSight\Shader\DeferredShader.h">
      <Filter>Header Files\InSight\Shader</Filter>
    </ClInclude>
    <ClInclude Include="include\InSight\Shader\FullScreenShader.h">
      <Filter>Header Files\InSight\Shader</Filter>
    </ClInclude>
    <ClInclude Include="include\InSight\LightVolumeManager.h">
      <Filter>Header Files\InSight</Filter>
    </ClInclude>
    <ClInclude Include="include\InSight\Log.h">
      <Filter>Header Files\InSight</Filter>
    </ClInclude>
    <ClInclude Include="include\InSight\Utilities.h">
      <Filter>Header Files\InSight</Filter>
    </ClInclude>
    <ClInclude Include="include\InSight\Application.h">
      <Filter>Header Files\InSight</Filter>
    </ClInclude>
    <ClInclude Include="include\InSight\Application_Log.h">
      <Filter>Header Files\InSight</Filter>
    </ClInclude>
    <ClInclude Include="include\InSight\Debug.h">
      <Filter>Header Files\InSight</Filter>
    </ClInclude>
    <ClInclude Include="include\InSight\Error.h">
      <Filter>Header Files\InSight</Filter>
    </ClInclude>
    <ClInclude Include="include\InSight\GBuffer.h">
      <Filter>Header Files\InSight</Filter>
    </ClInclude>
    <ClInclude Include="include\InSight\Gizmos.h">
      <Filter>Header Files\InSight</Filter>
    </ClInclude>
    <ClInclude Include="include\Platform\Windows\WindowsWindow.h">
      <Filter>Header Files\Platform\Windows</Filter>
    </ClInclude>
    <ClInclude Include="include\Platform\Window.h">
      <Filter>Header Files\Platform</Filter>
    </ClInclude>
    <ClInclude Include="include\InSight\Event\MouseEvent.h">
      <Filter>Header Files\InSight\Event</Filter>
    </ClInclude>
    <ClInclude Include="include\InSight\Layer\LayerStack.h">
      <Filter>Header Files\InSight\Layer</Filter>
    </ClInclude>
    <ClInclude Include="include\InSight\Layer\ImGui\ImGuiLayer.h">
      <Filter>Header Files\InSight\Layer\ImGui</Filter>
    </ClInclude>
    <ClInclude Include="include\InSight\Input\Input.h">
      <Filter>Header Files\InSight\Input</Filter>
    </ClInclude>
    <ClInclude Include="include\Platform\Windows\WindowsInput.h">
      <Filter>Header Files\Platform\Windows</Filter>
    </ClInclude>
    <ClInclude Include="include\InSight\Input\KeyCodes.h">
      <Filter>Header Files\InSight\Input</Filter>
    </ClInclude>
    <ClInclude Include="include\InSight\Input\MouseButtonCodes.h">
      <Filter>Header Files\InSight\Input</Filter>
    </ClInclude>
    <ClInclude Include="include\InSight\InSight.h">
      <Filter>Header Files\InSight</Filter>
    </ClInclude>
    <ClInclude Include="include\InSight\Renderer\GraphicsContext.h">
      <Filter>Header Files\InSight\Renderer</Filter>
    </ClInclude>
    <ClInclude Include="include\Platform\OpenGL\OpenGLContext.h">
      <Filter>Header Files\Platform\OpenGL</Filter>
    </ClInclude>
    <ClInclude Include="include\InSight\Renderer\Shader.h">
      <Filter>Header Files\InSight\Renderer</Filter>
    </ClInclude>
    <ClInclude Include="include\InSight\Shader\BaseShader.h">
      <Filter>Header Files\InSight\Shader</Filter>
    </ClInclude>
    <ClInclude Include="include\InSight\Renderer\Buffer.h">
      <Filter>Header Files\InSight\Renderer</Filter>
    </ClInclude>
    <ClInclude Include="include\Platform\OpenGL\OpenGLBuffer.h">
      <Filter>Header Files\Platform\OpenGL</Filter>
    </ClInclude>
    <ClInclude Include="include\InSight\BaseRenderer.h">
      <Filter>Header Files\InSight</Filter>
    </ClInclude>
    <ClInclude Include="include\InSight\Renderer\Renderer.h">
      <Filter>Header Files\InSight\Renderer</Filter>
    </ClInclude>
    <ClInclude Include="include\InSight\GUI\GUIToolBar.h">
      <Filter>Header Files\InSight\GUI</Filter>
    </ClInclude>
    <ClInclude Include="include\InSight\Scene\SceneManager.h">
      <Filter>Header Files\InSight\Scene</Filter>
    </ClInclude>
    <ClInclude Include="include\InSight\Scene\Scene.h">
      <Filter>Header Files\InSight\Scene</Filter>
    </ClInclude>
    <ClInclude Include="include\Platform\Vulkan\VulkanBuffer.h">
      <Filter>Header Files\Platform\Vulkan</Filter>
    </ClInclude>
    <ClInclude Include="include\Platform\Vulkan\VulkanContext.h">
      <Filter>Header Files\Platform\Vulkan</Filter>
    </ClInclude>
    <ClInclude Include="include\InSight\Renderer\VertexArray.h">
      <Filter>Header Files\InSight\Renderer</Filter>
    </ClInclude>
    <ClInclude Include="include\Platform\OpenGL\OpenGLVertexArray.h">
      <Filter>Header Files\Platform\OpenGL</Filter>
    </ClInclude>
  </ItemGroup>
  <ItemGroup>
    <ClCompile Include="..\deps\glad\src\glad.c">
      <Filter>GL_Includes</Filter>
    </ClCompile>
    <ClCompile Include="..\deps\imgui\impl\imgui_impl_glfw.cpp">
      <Filter>Dear Imgui</Filter>
    </ClCompile>
    <ClCompile Include="..\deps\imgui\impl\imgui_impl_opengl3.cpp">
      <Filter>Dear Imgui</Filter>
    </ClCompile>
    <ClCompile Include="src\InSight\LightVolumeManager.cpp">
      <Filter>Source Files\InSight</Filter>
    </ClCompile>
    <ClCompile Include="src\InSight\Log.cpp">
      <Filter>Source Files\InSight</Filter>
    </ClCompile>
    <ClCompile Include="src\InSight\Utilities.cpp">
      <Filter>Source Files\InSight</Filter>
    </ClCompile>
    <ClCompile Include="src\InSight\Application.cpp">
      <Filter>Source Files\InSight</Filter>
    </ClCompile>
    <ClCompile Include="src\InSight\Application_Log.cpp">
      <Filter>Source Files\InSight</Filter>
    </ClCompile>
    <ClCompile Include="src\InSight\Error.cpp">
      <Filter>Source Files\InSight</Filter>
    </ClCompile>
    <ClCompile Include="src\InSight\GBuffer.cpp">
      <Filter>Source Files\InSight</Filter>
    </ClCompile>
    <ClCompile Include="src\InSight\Gizmos.cpp">
      <Filter>Source Files\InSight</Filter>
    </ClCompile>
    <ClCompile Include="src\InSight\Assimp\AssimpMesh.cpp">
      <Filter>Source Files\InSight\Assimp</Filter>
    </ClCompile>
    <ClCompile Include="src\InSight\Assimp\AssimpModel.cpp">
      <Filter>Source Files\InSight\Assimp</Filter>
    </ClCompile>
    <ClCompile Include="src\InSight\Audio\AudioManager.cpp">
      <Filter>Source Files\InSight\Audio</Filter>
    </ClCompile>
    <ClCompile Include="src\InSight\Component\DirectionalLight.cpp">
      <Filter>Source Files\InSight\Component</Filter>
    </ClCompile>
    <ClCompile Include="src\InSight\Component\LightComponent.cpp">
      <Filter>Source Files\InSight\Component</Filter>
    </ClCompile>
    <ClCompile Include="src\InSight\Component\MeshComponent.cpp">
      <Filter>Source Files\InSight\Component</Filter>
    </ClCompile>
    <ClCompile Include="src\InSight\Component\PointLight.cpp">
      <Filter>Source Files\InSight\Component</Filter>
    </ClCompile>
    <ClCompile Include="src\InSight\Component\SpotLight.cpp">
      <Filter>Source Files\InSight\Component</Filter>
    </ClCompile>
    <ClCompile Include="src\InSight\Component\TransformComponent.cpp">
      <Filter>Source Files\InSight\Component</Filter>
    </ClCompile>
    <ClCompile Include="src\InSight\Component\AmbientLight.cpp">
      <Filter>Source Files\InSight\Component</Filter>
    </ClCompile>
    <ClCompile Include="src\InSight\Component\CameraComponent.cpp">
      <Filter>Source Files\InSight\Component</Filter>
    </ClCompile>
    <ClCompile Include="src\InSight\Entity\Entity.cpp">
      <Filter>Source Files\InSight\Entity</Filter>
    </ClCompile>
    <ClCompile Include="src\InSight\Entity\EntityManager.cpp">
      <Filter>Source Files\InSight\Entity</Filter>
    </ClCompile>
    <ClCompile Include="src\InSight\GUI\GUIBase.cpp">
      <Filter>Source Files\InSight\GUI</Filter>
    </ClCompile>
    <ClCompile Include="src\InSight\GUI\GUIHierarchy.cpp">
      <Filter>Source Files\InSight\GUI</Filter>
    </ClCompile>
    <ClCompile Include="src\InSight\GUI\GUIInspector.cpp">
      <Filter>Source Files\InSight\GUI</Filter>
    </ClCompile>
    <ClCompile Include="src\InSight\GUI\GUI.cpp">
      <Filter>Source Files\InSight\GUI</Filter>
    </ClCompile>
    <ClCompile Include="src\InSight\PP\PPBloom.cpp">
      <Filter>Source Files\InSight\PP</Filter>
    </ClCompile>
    <ClCompile Include="src\InSight\PP\PPBlur.cpp">
      <Filter>Source Files\InSight\PP</Filter>
    </ClCompile>
    <ClCompile Include="src\InSight\PP\PPEffect.cpp">
      <Filter>Source Files\InSight\PP</Filter>
    </ClCompile>
    <ClCompile Include="src\InSight\PP\PPScreenOverlay.cpp">
      <Filter>Source Files\InSight\PP</Filter>
    </ClCompile>
    <ClCompile Include="src\InSight\PP\PostProcessing.cpp">
      <Filter>Source Files\InSight\PP</Filter>
    </ClCompile>
    <ClCompile Include="src\InSight\Shader\ShadowMapShader.cpp">
      <Filter>Source Files\InSight\Shader</Filter>
    </ClCompile>
    <ClCompile Include="src\InSight\Shader\ShadowShader.cpp">
      <Filter>Source Files\InSight\Shader</Filter>
    </ClCompile>
    <ClCompile Include="src\InSight\Shader\SSAOShader.cpp">
      <Filter>Source Files\InSight\Shader</Filter>
    </ClCompile>
    <ClCompile Include="src\InSight\Shader\SSRShader.cpp">
      <Filter>Source Files\InSight\Shader</Filter>
    </ClCompile>
    <ClCompile Include="src\InSight\Shader\TessShader.cpp">
      <Filter>Source Files\InSight\Shader</Filter>
    </ClCompile>
    <ClCompile Include="src\InSight\Shader\VertexShader.cpp">
      <Filter>Source Files\InSight\Shader</Filter>
    </ClCompile>
    <ClCompile Include="src\InSight\Shader\WaterShader.cpp">
      <Filter>Source Files\InSight\Shader</Filter>
    </ClCompile>
    <ClCompile Include="src\InSight\Shader\DeferredLightPassShader.cpp">
      <Filter>Source Files\InSight\Shader</Filter>
    </ClCompile>
    <ClCompile Include="src\InSight\Shader\DeferredShader.cpp">
      <Filter>Source Files\InSight\Shader</Filter>
    </ClCompile>
    <ClCompile Include="src\InSight\Shader\FullScreenShader.cpp">
      <Filter>Source Files\InSight\Shader</Filter>
    </ClCompile>
    <ClCompile Include="src\Platform\Window.cpp">
      <Filter>Source Files\Platform</Filter>
    </ClCompile>
    <ClCompile Include="src\Platform\Windows\WindowsWindow.cpp">
      <Filter>Source Files\Platform\Windows</Filter>
    </ClCompile>
    <ClCompile Include="src\InSight\Layer\Layer.cpp">
      <Filter>Source Files\InSight\Layer</Filter>
    </ClCompile>
    <ClCompile Include="src\InSight\Layer\LayerStack.cpp">
      <Filter>Source Files\InSight\Layer</Filter>
    </ClCompile>
    <ClCompile Include="src\InSight\Layer\ImGui\ImGuiLayer.cpp">
      <Filter>Source Files\InSight\Layer\ImGui</Filter>
    </ClCompile>
    <ClCompile Include="src\Platform\Windows\WindowsInput.cpp">
      <Filter>Source Files\Platform\Windows</Filter>
    </ClCompile>
    <ClCompile Include="src\Platform\OpenGL\OpenGLContext.cpp">
      <Filter>Source Files\Platform\OpenGL</Filter>
    </ClCompile>
    <ClCompile Include="src\InSight\Renderer\GraphicsContext.cpp">
      <Filter>Source Files\InSight\Renderer</Filter>
    </ClCompile>
    <ClCompile Include="src\InSight\Renderer\Shader.cpp">
      <Filter>Source Files\InSight\Renderer</Filter>
    </ClCompile>
    <ClCompile Include="src\InSight\Shader\BaseShader.cpp">
      <Filter>Source Files\InSight\Shader</Filter>
    </ClCompile>
    <ClCompile Include="src\InSight\Renderer\Buffer.cpp">
      <Filter>Source Files\InSight\Renderer</Filter>
    </ClCompile>
    <ClCompile Include="src\Platform\OpenGL\OpenGLBuffer.cpp">
      <Filter>Source Files\Platform\OpenGL</Filter>
    </ClCompile>
    <ClCompile Include="src\InSight\BaseRenderer.cpp">
      <Filter>Source Files\InSight</Filter>
    </ClCompile>
    <ClCompile Include="src\InSight\Renderer\Renderer.cpp">
      <Filter>Source Files\InSight\Renderer</Filter>
    </ClCompile>
    <ClCompile Include="src\InSight\GUI\GUIToolBar.cpp">
      <Filter>Source Files\InSight\GUI</Filter>
    </ClCompile>
    <ClCompile Include="src\InSight\Scene\SceneManager.cpp">
      <Filter>Source Files\InSight\Scene</Filter>
    </ClCompile>
    <ClCompile Include="src\InSight\Scene\Scene.cpp">
      <Filter>Source Files\InSight\Scene</Filter>
    </ClCompile>
    <ClCompile Include="src\Platform\Vulkan\VulkanBuffer.cpp">
      <Filter>Source Files\Platform\Vulkan</Filter>
    </ClCompile>
    <ClCompile Include="src\Platform\Vulkan\VulkanContext.cpp">
      <Filter>Source Files\Platform\Vulkan</Filter>
    </ClCompile>
    <ClCompile Include="src\InSight\Renderer\VertexArray.cpp">
      <Filter>Source Files\InSight\Renderer</Filter>
    </ClCompile>
    <ClCompile Include="src\Platform\OpenGL\OpenGLVertexArray.cpp">
      <Filter>Source Files\Platform\OpenGL</Filter>
    </ClCompile>
  </ItemGroup>
</Project>